
Microsoft Visual Studio Solution File, Format Version 12.00
# Visual Studio Version 17
VisualStudioVersion = 17.10.34825.169
MinimumVisualStudioVersion = 10.0.40219.1
Project("{FAE04EC0-301F-11D3-BF4B-00C04F79EFBC}") = "WebApplicationBase", "WebApplicationBase.csproj", "{A82820F5-C1F9-4325-AEA8-BD99EF573C65}"
EndProject
Global
	GlobalSection(SolutionConfigurationPlatforms) = preSolution
		Debug|Any CPU = Debug|Any CPU
		Release|Any CPU = Release|Any CPU
	EndGlobalSection
	GlobalSection(ProjectConfigurationPlatforms) = postSolution
		{A82820F5-C1F9-4325-AEA8-BD99EF573C65}.Debug|Any CPU.ActiveCfg = Debug|Any CPU
		{A82820F5-C1F9-4325-AEA8-BD99EF573C65}.Debug|Any CPU.Build.0 = Debug|Any CPU
		{A82820F5-C1F9-4325-AEA8-BD99EF573C65}.Release|Any CPU.ActiveCfg = Release|Any CPU
		{A82820F5-C1F9-4325-AEA8-BD99EF573C65}.Release|Any CPU.Build.0 = Release|Any CPU
	EndGlobalSection
	GlobalSection(SolutionProperties) = preSolution
		HideSolutionNode = FALSE
	EndGlobalSection
	GlobalSection(ExtensibilityGlobals) = postSolution
		SolutionGuid = {98C0D1A5-1D55-4E70-9FFA-E2404F6436DE}
	EndGlobalSection
EndGlobal
